// !$*UTF8*$!
{
	archiveVersion = 1;
	classes = {
	};
	objectVersion = 46;
	objects = {

/* Begin PBXBuildFile section */
		D4B8C8741A5C2D2200148F68 /* main.m in Sources */ = {isa = PBXBuildFile; fileRef = D4B8C8731A5C2D2200148F68 /* main.m */; };
		D4B8C8771A5C2D2200148F68 /* RZAppDelegate.m in Sources */ = {isa = PBXBuildFile; fileRef = D4B8C8761A5C2D2200148F68 /* RZAppDelegate.m */; };
		D4B8C87A1A5C2D2200148F68 /* RZAudioViewController.m in Sources */ = {isa = PBXBuildFile; fileRef = D4B8C8791A5C2D2200148F68 /* RZAudioViewController.m */; };
		D4B8C87F1A5C2D2200148F68 /* Images.xcassets in Resources */ = {isa = PBXBuildFile; fileRef = D4B8C87E1A5C2D2200148F68 /* Images.xcassets */; };
		D4B8C89B1A5C2D5700148F68 /* LaunchScreen.xib in Resources */ = {isa = PBXBuildFile; fileRef = D4B8C8971A5C2D5700148F68 /* LaunchScreen.xib */; };
		D4B8C89C1A5C2D5700148F68 /* Main.storyboard in Resources */ = {isa = PBXBuildFile; fileRef = D4B8C8991A5C2D5700148F68 /* Main.storyboard */; };
/* End PBXBuildFile section */

/* Begin PBXFileReference section */
		D4B8C86E1A5C2D2200148F68 /* RZDBAudioDemo.app */ = {isa = PBXFileReference; explicitFileType = wrapper.application; includeInIndex = 0; path = RZDBAudioDemo.app; sourceTree = BUILT_PRODUCTS_DIR; };
		D4B8C8721A5C2D2200148F68 /* Info.plist */ = {isa = PBXFileReference; lastKnownFileType = text.plist.xml; path = Info.plist; sourceTree = "<group>"; };
		D4B8C8731A5C2D2200148F68 /* main.m */ = {isa = PBXFileReference; lastKnownFileType = sourcecode.c.objc; path = main.m; sourceTree = "<group>"; };
		D4B8C8751A5C2D2200148F68 /* RZAppDelegate.h */ = {isa = PBXFileReference; lastKnownFileType = sourcecode.c.h; path = RZAppDelegate.h; sourceTree = "<group>"; };
		D4B8C8761A5C2D2200148F68 /* RZAppDelegate.m */ = {isa = PBXFileReference; lastKnownFileType = sourcecode.c.objc; path = RZAppDelegate.m; sourceTree = "<group>"; };
		D4B8C8781A5C2D2200148F68 /* RZAudioViewController.h */ = {isa = PBXFileReference; lastKnownFileType = sourcecode.c.h; path = RZAudioViewController.h; sourceTree = "<group>"; };
		D4B8C8791A5C2D2200148F68 /* RZAudioViewController.m */ = {isa = PBXFileReference; lastKnownFileType = sourcecode.c.objc; path = RZAudioViewController.m; sourceTree = "<group>"; };
		D4B8C87E1A5C2D2200148F68 /* Images.xcassets */ = {isa = PBXFileReference; lastKnownFileType = folder.assetcatalog; path = Images.xcassets; sourceTree = "<group>"; };
		D4B8C8981A5C2D5700148F68 /* Base */ = {isa = PBXFileReference; lastKnownFileType = file.xib; name = Base; path = Base.lproj/LaunchScreen.xib; sourceTree = SOURCE_ROOT; };
		D4B8C89A1A5C2D5700148F68 /* Base */ = {isa = PBXFileReference; lastKnownFileType = file.storyboard; name = Base; path = Base.lproj/Main.storyboard; sourceTree = SOURCE_ROOT; };
/* End PBXFileReference section */

/* Begin PBXFrameworksBuildPhase section */
		D4B8C86B1A5C2D2200148F68 /* Frameworks */ = {
			isa = PBXFrameworksBuildPhase;
			buildActionMask = 2147483647;
			files = (
			);
			runOnlyForDeploymentPostprocessing = 0;
		};
/* End PBXFrameworksBuildPhase section */

/* Begin PBXGroup section */
		D4B8C8651A5C2D2200148F68 = {
			isa = PBXGroup;
			children = (
				D4B8C8701A5C2D2200148F68 /* RZDBAudioDemo */,
				D4B8C86F1A5C2D2200148F68 /* Products */,
			);
			sourceTree = "<group>";
		};
		D4B8C86F1A5C2D2200148F68 /* Products */ = {
			isa = PBXGroup;
			children = (
				D4B8C86E1A5C2D2200148F68 /* RZDBAudioDemo.app */,
			);
			name = Products;
			sourceTree = "<group>";
		};
		D4B8C8701A5C2D2200148F68 /* RZDBAudioDemo */ = {
			isa = PBXGroup;
			children = (
				D4B8C8751A5C2D2200148F68 /* RZAppDelegate.h */,
				D4B8C8761A5C2D2200148F68 /* RZAppDelegate.m */,
				D4B8C8781A5C2D2200148F68 /* RZAudioViewController.h */,
				D4B8C8791A5C2D2200148F68 /* RZAudioViewController.m */,
				D4B8C8971A5C2D5700148F68 /* LaunchScreen.xib */,
				D4B8C8991A5C2D5700148F68 /* Main.storyboard */,
				D4B8C87E1A5C2D2200148F68 /* Images.xcassets */,
				D4B8C8711A5C2D2200148F68 /* Supporting Files */,
			);
			path = RZDBAudioDemo;
			sourceTree = "<group>";
		};
		D4B8C8711A5C2D2200148F68 /* Supporting Files */ = {
			isa = PBXGroup;
			children = (
				D4B8C8721A5C2D2200148F68 /* Info.plist */,
				D4B8C8731A5C2D2200148F68 /* main.m */,
			);
			name = "Supporting Files";
			sourceTree = "<group>";
		};
/* End PBXGroup section */

/* Begin PBXNativeTarget section */
		D4B8C86D1A5C2D2200148F68 /* RZDBAudioDemo */ = {
			isa = PBXNativeTarget;
			buildConfigurationList = D4B8C8911A5C2D2200148F68 /* Build configuration list for PBXNativeTarget "RZDBAudioDemo" */;
			buildPhases = (
				D4B8C86A1A5C2D2200148F68 /* Sources */,
				D4B8C86B1A5C2D2200148F68 /* Frameworks */,
				D4B8C86C1A5C2D2200148F68 /* Resources */,
			);
			buildRules = (
			);
			dependencies = (
			);
			name = RZDBAudioDemo;
			productName = RZDBAudioDemo;
			productReference = D4B8C86E1A5C2D2200148F68 /* RZDBAudioDemo.app */;
			productType = "com.apple.product-type.application";
		};
/* End PBXNativeTarget section */

/* Begin PBXProject section */
		D4B8C8661A5C2D2200148F68 /* Project object */ = {
			isa = PBXProject;
			attributes = {
				LastUpgradeCheck = 0610;
				ORGANIZATIONNAME = Raizlabs;
				TargetAttributes = {
					D4B8C86D1A5C2D2200148F68 = {
						CreatedOnToolsVersion = 6.1.1;
					};
				};
			};
			buildConfigurationList = D4B8C8691A5C2D2200148F68 /* Build configuration list for PBXProject "RZDBAudioDemo" */;
			compatibilityVersion = "Xcode 3.2";
			developmentRegion = English;
			hasScannedForEncodings = 0;
			knownRegions = (
				en,
				Base,
			);
			mainGroup = D4B8C8651A5C2D2200148F68;
			productRefGroup = D4B8C86F1A5C2D2200148F68 /* Products */;
			projectDirPath = "";
			projectRoot = "";
			targets = (
				D4B8C86D1A5C2D2200148F68 /* RZDBAudioDemo */,
			);
		};
/* End PBXProject section */

/* Begin PBXResourcesBuildPhase section */
		D4B8C86C1A5C2D2200148F68 /* Resources */ = {
			isa = PBXResourcesBuildPhase;
			buildActionMask = 2147483647;
			files = (
				D4B8C89C1A5C2D5700148F68 /* Main.storyboard in Resources */,
				D4B8C89B1A5C2D5700148F68 /* LaunchScreen.xib in Resources */,
				D4B8C87F1A5C2D2200148F68 /* Images.xcassets in Resources */,
			);
			runOnlyForDeploymentPostprocessing = 0;
		};
/* End PBXResourcesBuildPhase section */

/* Begin PBXSourcesBuildPhase section */
		D4B8C86A1A5C2D2200148F68 /* Sources */ = {
			isa = PBXSourcesBuildPhase;
			buildActionMask = 2147483647;
			files = (
				D4B8C87A1A5C2D2200148F68 /* RZAudioViewController.m in Sources */,
				D4B8C8771A5C2D2200148F68 /* RZAppDelegate.m in Sources */,
				D4B8C8741A5C2D2200148F68 /* main.m in Sources */,
			);
			runOnlyForDeploymentPostprocessing = 0;
		};
/* End PBXSourcesBuildPhase section */

/* Begin PBXVariantGroup section */
		D4B8C8971A5C2D5700148F68 /* LaunchScreen.xib */ = {
			isa = PBXVariantGroup;
			children = (
				D4B8C8981A5C2D5700148F68 /* Base */,
			);
			name = LaunchScreen.xib;
			sourceTree = "<group>";
		};
		D4B8C8991A5C2D5700148F68 /* Main.storyboard */ = {
			isa = PBXVariantGroup;
			children = (
				D4B8C89A1A5C2D5700148F68 /* Base */,
			);
			name = Main.storyboard;
			sourceTree = "<group>";
		};
/* End PBXVariantGroup section */

/* Begin XCBuildConfiguration section */
		D4B8C88F1A5C2D2200148F68 /* Debug */ = {
			isa = XCBuildConfiguration;
			buildSettings = {
				ALWAYS_SEARCH_USER_PATHS = NO;
				CLANG_CXX_LANGUAGE_STANDARD = "gnu++0x";
				CLANG_CXX_LIBRARY = "libc++";
				CLANG_ENABLE_MODULES = YES;
				CLANG_ENABLE_OBJC_ARC = YES;
				CLANG_WARN_BOOL_CONVERSION = YES;
				CLANG_WARN_CONSTANT_CONVERSION = YES;
				CLANG_WARN_DIRECT_OBJC_ISA_USAGE = YES_ERROR;
				CLANG_WARN_EMPTY_BODY = YES;
				CLANG_WARN_ENUM_CONVERSION = YES;
				CLANG_WARN_INT_CONVERSION = YES;
				CLANG_WARN_OBJC_ROOT_CLASS = YES_ERROR;
				CLANG_WARN_UNREACHABLE_CODE = YES;
				CLANG_WARN__DUPLICATE_METHOD_MATCH = YES;
				"CODE_SIGN_IDENTITY[sdk=iphoneos*]" = "iPhone Developer";
				COPY_PHASE_STRIP = NO;
				ENABLE_STRICT_OBJC_MSGSEND = YES;
				GCC_C_LANGUAGE_STANDARD = gnu99;
				GCC_DYNAMIC_NO_PIC = NO;
				GCC_OPTIMIZATION_LEVEL = 0;
				GCC_PREPROCESSOR_DEFINITIONS = (
					"DEBUG=1",
					"$(inherited)",
				);
				GCC_SYMBOLS_PRIVATE_EXTERN = NO;
				GCC_WARN_64_TO_32_BIT_CONVERSION = YES;
				GCC_WARN_ABOUT_RETURN_TYPE = YES_ERROR;
				GCC_WARN_UNDECLARED_SELECTOR = YES;
				GCC_WARN_UNINITIALIZED_AUTOS = YES_AGGRESSIVE;
				GCC_WARN_UNUSED_FUNCTION = YES;
				GCC_WARN_UNUSED_VARIABLE = YES;
				IPHONEOS_DEPLOYMENT_TARGET = 8.1;
				MTL_ENABLE_DEBUG_INFO = YES;
				ONLY_ACTIVE_ARCH = YES;
				SDKROOT = iphoneos;
			};
			name = Debug;
		};
		D4B8C8901A5C2D2200148F68 /* Release */ = {
			isa = XCBuildConfiguration;
			buildSettings = {
				ALWAYS_SEARCH_USER_PATHS = NO;
				CLANG_CXX_LANGUAGE_STANDARD = "gnu++0x";
				CLANG_CXX_LIBRARY = "libc++";
				CLANG_ENABLE_MODULES = YES;
				CLANG_ENABLE_OBJC_ARC = YES;
				CLANG_WARN_BOOL_CONVERSION = YES;
				CLANG_WARN_CONSTANT_CONVERSION = YES;
				CLANG_WARN_DIRECT_OBJC_ISA_USAGE = YES_ERROR;
				CLANG_WARN_EMPTY_BODY = YES;
				CLANG_WARN_ENUM_CONVERSION = YES;
				CLANG_WARN_INT_CONVERSION = YES;
				CLANG_WARN_OBJC_ROOT_CLASS = YES_ERROR;
				CLANG_WARN_UNREACHABLE_CODE = YES;
				CLANG_WARN__DUPLICATE_METHOD_MATCH = YES;
				"CODE_SIGN_IDENTITY[sdk=iphoneos*]" = "iPhone Developer";
				COPY_PHASE_STRIP = YES;
				ENABLE_NS_ASSERTIONS = NO;
				ENABLE_STRICT_OBJC_MSGSEND = YES;
				GCC_C_LANGUAGE_STANDARD = gnu99;
				GCC_WARN_64_TO_32_BIT_CONVERSION = YES;
				GCC_WARN_ABOUT_RETURN_TYPE = YES_ERROR;
				GCC_WARN_UNDECLARED_SELECTOR = YES;
				GCC_WARN_UNINITIALIZED_AUTOS = YES_AGGRESSIVE;
				GCC_WARN_UNUSED_FUNCTION = YES;
				GCC_WARN_UNUSED_VARIABLE = YES;
				IPHONEOS_DEPLOYMENT_TARGET = 8.1;
				MTL_ENABLE_DEBUG_INFO = NO;
				SDKROOT = iphoneos;
				VALIDATE_PRODUCT = YES;
			};
			name = Release;
		};
		D4B8C8921A5C2D2200148F68 /* Debug */ = {
			isa = XCBuildConfiguration;
			buildSettings = {
				ASSETCATALOG_COMPILER_APPICON_NAME = AppIcon;
				INFOPLIST_FILE = RZDBAudioDemo/Info.plist;
				LD_RUNPATH_SEARCH_PATHS = "$(inherited) @executable_path/Frameworks";
				PRODUCT_NAME = "$(TARGET_NAME)";
			};
			name = Debug;
		};
		D4B8C8931A5C2D2200148F68 /* Release */ = {
			isa = XCBuildConfiguration;
			buildSettings = {
				ASSETCATALOG_COMPILER_APPICON_NAME = AppIcon;
				INFOPLIST_FILE = RZDBAudioDemo/Info.plist;
				LD_RUNPATH_SEARCH_PATHS = "$(inherited) @executable_path/Frameworks";
				PRODUCT_NAME = "$(TARGET_NAME)";
			};
			name = Release;
		};
/* End XCBuildConfiguration section */

/* Begin XCConfigurationList section */
		D4B8C8691A5C2D2200148F68 /* Build configuration list for PBXProject "RZDBAudioDemo" */ = {
			isa = XCConfigurationList;
			buildConfigurations = (
				D4B8C88F1A5C2D2200148F68 /* Debug */,
				D4B8C8901A5C2D2200148F68 /* Release */,
			);
			defaultConfigurationIsVisible = 0;
			defaultConfigurationName = Release;
		};
		D4B8C8911A5C2D2200148F68 /* Build configuration list for PBXNativeTarget "RZDBAudioDemo" */ = {
			isa = XCConfigurationList;
			buildConfigurations = (
				D4B8C8921A5C2D2200148F68 /* Debug */,
				D4B8C8931A5C2D2200148F68 /* Release */,
			);
			defaultConfigurationIsVisible = 0;
			defaultConfigurationName = Release;
		};
/* End XCConfigurationList section */
	};
	rootObject = D4B8C8661A5C2D2200148F68 /* Project object */;
}
